
// !$*UTF8*$!
{
  archiveVersion = 1;
  classes = {};
  objectVersion = 50;
  objects = {

    /* Begin PBXBuildFile section */
    1 /* AppDelegate.swift in Sources */ = {isa = PBXBuildFile; fileRef = 2 /* AppDelegate.swift */; };
    3 /* SceneDelegate.swift in Sources */ = {isa = PBXBuildFile; fileRef = 4 /* SceneDelegate.swift */; };
    5 /* ViewController.swift in Sources */ = {isa = PBXBuildFile; fileRef = 6 /* ViewController.swift */; };
    7 /* Main.storyboard in Sources */ = {isa = PBXBuildFile; fileRef = 8 /* Main.storyboard */; };
    /* End PBXBuildFile section */

    /* Begin PBXFileReference section */
    2 /* AppDelegate.swift */ = {isa = PBXFileReference; lastKnownFileType = sourcecode.swift; path = AppDelegate.swift; sourceTree = "<group>"; };
    4 /* SceneDelegate.swift */ = {isa = PBXFileReference; lastKnownFileType = sourcecode.swift; path = SceneDelegate.swift; sourceTree = "<group>"; };
    6 /* ViewController.swift */ = {isa = PBXFileReference; lastKnownFileType = sourcecode.swift; path = ViewController.swift; sourceTree = "<group>"; };
    8 /* Main.storyboard */ = {isa = PBXFileReference; lastKnownFileType = file.storyboard; path = Main.storyboard; sourceTree = "<group>"; };
    9 /* Info.plist */ = {isa = PBXFileReference; lastKnownFileType = text.plist.xml; path = Info.plist; sourceTree = "<group>"; };
    /* End PBXFileReference section */

    /* Begin PBXGroup section */
    10 /* Hobby_Tutorial */ = {
      isa = PBXGroup;
      children = (
        2 /* AppDelegate.swift */,
        4 /* SceneDelegate.swift */,
        6 /* ViewController.swift */,
        8 /* Main.storyboard */,
        9 /* Info.plist */,
      );
      path = Hobby_Tutorial;
      sourceTree = "<group>";
    };
    /* End PBXGroup section */

    /* Begin PBXNativeTarget section */
    11 /* Hobby_Tutorial */ = {
      isa = PBXNativeTarget;
      buildConfigurationList = 12 /* Build configuration list for PBXNativeTarget "Hobby_Tutorial" */;
      buildPhases = (
        13 /* Sources */,
      );
      dependencies = ();
      name = Hobby_Tutorial;
      productName = Hobby_Tutorial;
      productType = "com.apple.product-type.application";
    };
    /* End PBXNativeTarget section */

    /* Begin PBXSourcesBuildPhase section */
    13 /* Sources */ = {
      isa = PBXSourcesBuildPhase;
      files = (
        1 /* AppDelegate.swift in Sources */,
        3 /* SceneDelegate.swift in Sources */,
        5 /* ViewController.swift in Sources */,
        7 /* Main.storyboard in Sources */,
      );
    };
    /* End PBXSourcesBuildPhase section */

    /* Begin XCBuildConfiguration section */
    14 /* Debug */ = {isa = XCBuildConfiguration; name = Debug; };
    15 /* Release */ = {isa = XCBuildConfiguration; name = Release; };
    /* End XCBuildConfiguration section */

    /* Begin XCConfigurationList section */
    12 /* Build configuration list for PBXNativeTarget "Hobby_Tutorial" */ = {
      isa = XCConfigurationList;
      buildConfigurations = (
        14 /* Debug */,
        15 /* Release */,
      );
      defaultConfigurationName = Debug;
    };
    /* End XCConfigurationList section */
  };

  rootObject = 11 /* Hobby_Tutorial */;
}
